// !$*UTF8*$!
{
	archiveVersion = 1;
	classes = {
	};
	objectVersion = 46;
	objects = {

/* Begin PBXBuildFile section */
		7D6350591EC9E157009D563E /* ThreeViewController.swift in Sources */ = {isa = PBXBuildFile; fileRef = 7D6350581EC9E157009D563E /* ThreeViewController.swift */; };
		7D63D3891EC997BD00FB5B3F /* AppDelegate.swift in Sources */ = {isa = PBXBuildFile; fileRef = 7D63D3881EC997BD00FB5B3F /* AppDelegate.swift */; };
		7D63D38B1EC997BD00FB5B3F /* ViewController.swift in Sources */ = {isa = PBXBuildFile; fileRef = 7D63D38A1EC997BD00FB5B3F /* ViewController.swift */; };
		7D63D3901EC997BD00FB5B3F /* Assets.xcassets in Resources */ = {isa = PBXBuildFile; fileRef = 7D63D38F1EC997BD00FB5B3F /* Assets.xcassets */; };
		7D63D3931EC997BD00FB5B3F /* LaunchScreen.storyboard in Resources */ = {isa = PBXBuildFile; fileRef = 7D63D3911EC997BD00FB5B3F /* LaunchScreen.storyboard */; };
		7D63D39E1EC997BD00FB5B3F /* TextingAppTests.swift in Sources */ = {isa = PBXBuildFile; fileRef = 7D63D39D1EC997BD00FB5B3F /* TextingAppTests.swift */; };
		7D63D3A91EC997BD00FB5B3F /* TextingAppUITests.swift in Sources */ = {isa = PBXBuildFile; fileRef = 7D63D3A81EC997BD00FB5B3F /* TextingAppUITests.swift */; };
		7D9E17F51ECC51F000FA3E80 /* ContactViewController.swift in Sources */ = {isa = PBXBuildFile; fileRef = 7D9E17F41ECC51F000FA3E80 /* ContactViewController.swift */; };
		7D9E17F71ECC537900FA3E80 /* DiscussionViewController.swift in Sources */ = {isa = PBXBuildFile; fileRef = 7D9E17F61ECC537900FA3E80 /* DiscussionViewController.swift */; };
		7DA083D91ECD925F00167DE4 /* Main.storyboard in Resources */ = {isa = PBXBuildFile; fileRef = 7DA083D71ECD925F00167DE4 /* Main.storyboard */; };
		7DD47CAB1ECAE46F00CC9CE0 /* SecondViewController.swift in Sources */ = {isa = PBXBuildFile; fileRef = 7DD47CAA1ECAE46F00CC9CE0 /* SecondViewController.swift */; };
		7DD47CB71ECB0CAA00CC9CE0 /* CompteViewController.swift in Sources */ = {isa = PBXBuildFile; fileRef = 7DD47CB61ECB0CAA00CC9CE0 /* CompteViewController.swift */; };
		7DD47CB91ECB2F4400CC9CE0 /* MotdePasseViewController.swift in Sources */ = {isa = PBXBuildFile; fileRef = 7DD47CB81ECB2F4400CC9CE0 /* MotdePasseViewController.swift */; };
		7DD47CBD1ECB2F6100CC9CE0 /* SupressionViewController.swift in Sources */ = {isa = PBXBuildFile; fileRef = 7DD47CBC1ECB2F6100CC9CE0 /* SupressionViewController.swift */; };
		7DD47CBF1ECB2FA500CC9CE0 /* DeconnexionViewController.swift in Sources */ = {isa = PBXBuildFile; fileRef = 7DD47CBE1ECB2FA500CC9CE0 /* DeconnexionViewController.swift */; };
		7DD47CC11ECB355600CC9CE0 /* InfosViewController.swift in Sources */ = {isa = PBXBuildFile; fileRef = 7DD47CC01ECB355600CC9CE0 /* InfosViewController.swift */; };
		8E3DEF33BED16282BBB7CC50 /* Pods_TextingAppUITests.framework in Frameworks */ = {isa = PBXBuildFile; fileRef = 8D5AC137FFC7223E80B5925E /* Pods_TextingAppUITests.framework */; };
		A0E54CE067BE219B3E7674F0 /* Pods_TextingApp.framework in Frameworks */ = {isa = PBXBuildFile; fileRef = 75E100A0594917604F94B7EF /* Pods_TextingApp.framework */; };
		EF847F1AB87AEB522F80FC11 /* Pods_TextingAppTests.framework in Frameworks */ = {isa = PBXBuildFile; fileRef = 5299AAF1167C536EBF786328 /* Pods_TextingAppTests.framework */; };
/* End PBXBuildFile section */

/* Begin PBXContainerItemProxy section */
		7D63D39A1EC997BD00FB5B3F /* PBXContainerItemProxy */ = {
			isa = PBXContainerItemProxy;
			containerPortal = 7D63D37D1EC997BC00FB5B3F /* Project object */;
			proxyType = 1;
			remoteGlobalIDString = 7D63D3841EC997BC00FB5B3F;
			remoteInfo = TextingApp;
		};
		7D63D3A51EC997BD00FB5B3F /* PBXContainerItemProxy */ = {
			isa = PBXContainerItemProxy;
			containerPortal = 7D63D37D1EC997BC00FB5B3F /* Project object */;
			proxyType = 1;
			remoteGlobalIDString = 7D63D3841EC997BC00FB5B3F;
			remoteInfo = TextingApp;
		};
/* End PBXContainerItemProxy section */

/* Begin PBXFileReference section */
		44B60917ADAA5A30659C191B /* Pods-TextingAppUITests.release.xcconfig */ = {isa = PBXFileReference; includeInIndex = 1; lastKnownFileType = text.xcconfig; name = "Pods-TextingAppUITests.release.xcconfig"; path = "Pods/Target Support Files/Pods-TextingAppUITests/Pods-TextingAppUITests.release.xcconfig"; sourceTree = "<group>"; };
		4750EAEDE402543004F657C6 /* Pods-TextingApp.release.xcconfig */ = {isa = PBXFileReference; includeInIndex = 1; lastKnownFileType = text.xcconfig; name = "Pods-TextingApp.release.xcconfig"; path = "Pods/Target Support Files/Pods-TextingApp/Pods-TextingApp.release.xcconfig"; sourceTree = "<group>"; };
		4B98CF8D7ABD1E090023FC20 /* Pods-TextingApp.debug.xcconfig */ = {isa = PBXFileReference; includeInIndex = 1; lastKnownFileType = text.xcconfig; name = "Pods-TextingApp.debug.xcconfig"; path = "Pods/Target Support Files/Pods-TextingApp/Pods-TextingApp.debug.xcconfig"; sourceTree = "<group>"; };
		5299AAF1167C536EBF786328 /* Pods_TextingAppTests.framework */ = {isa = PBXFileReference; explicitFileType = wrapper.framework; includeInIndex = 0; path = Pods_TextingAppTests.framework; sourceTree = BUILT_PRODUCTS_DIR; };
		56DCBCF77E153091A74E32A0 /* Pods-TextingAppUITests.debug.xcconfig */ = {isa = PBXFileReference; includeInIndex = 1; lastKnownFileType = text.xcconfig; name = "Pods-TextingAppUITests.debug.xcconfig"; path = "Pods/Target Support Files/Pods-TextingAppUITests/Pods-TextingAppUITests.debug.xcconfig"; sourceTree = "<group>"; };
		709C54C02CE8EF40E504705F /* Pods-TextingAppTests.release.xcconfig */ = {isa = PBXFileReference; includeInIndex = 1; lastKnownFileType = text.xcconfig; name = "Pods-TextingAppTests.release.xcconfig"; path = "Pods/Target Support Files/Pods-TextingAppTests/Pods-TextingAppTests.release.xcconfig"; sourceTree = "<group>"; };
		75E100A0594917604F94B7EF /* Pods_TextingApp.framework */ = {isa = PBXFileReference; explicitFileType = wrapper.framework; includeInIndex = 0; path = Pods_TextingApp.framework; sourceTree = BUILT_PRODUCTS_DIR; };
		7D6350581EC9E157009D563E /* ThreeViewController.swift */ = {isa = PBXFileReference; fileEncoding = 4; lastKnownFileType = sourcecode.swift; path = ThreeViewController.swift; sourceTree = "<group>"; };
		7D63D3851EC997BD00FB5B3F /* TextingApp.app */ = {isa = PBXFileReference; explicitFileType = wrapper.application; includeInIndex = 0; path = TextingApp.app; sourceTree = BUILT_PRODUCTS_DIR; };
		7D63D3881EC997BD00FB5B3F /* AppDelegate.swift */ = {isa = PBXFileReference; lastKnownFileType = sourcecode.swift; path = AppDelegate.swift; sourceTree = "<group>"; };
		7D63D38A1EC997BD00FB5B3F /* ViewController.swift */ = {isa = PBXFileReference; lastKnownFileType = sourcecode.swift; path = ViewController.swift; sourceTree = "<group>"; };
		7D63D38F1EC997BD00FB5B3F /* Assets.xcassets */ = {isa = PBXFileReference; lastKnownFileType = folder.assetcatalog; path = Assets.xcassets; sourceTree = "<group>"; };
		7D63D3921EC997BD00FB5B3F /* Base */ = {isa = PBXFileReference; lastKnownFileType = file.storyboard; name = Base; path = Base.lproj/LaunchScreen.storyboard; sourceTree = "<group>"; };
		7D63D3941EC997BD00FB5B3F /* Info.plist */ = {isa = PBXFileReference; lastKnownFileType = text.plist.xml; path = Info.plist; sourceTree = "<group>"; };
		7D63D3991EC997BD00FB5B3F /* TextingAppTests.xctest */ = {isa = PBXFileReference; explicitFileType = wrapper.cfbundle; includeInIndex = 0; path = TextingAppTests.xctest; sourceTree = BUILT_PRODUCTS_DIR; };
		7D63D39D1EC997BD00FB5B3F /* TextingAppTests.swift */ = {isa = PBXFileReference; lastKnownFileType = sourcecode.swift; path = TextingAppTests.swift; sourceTree = "<group>"; };
		7D63D39F1EC997BD00FB5B3F /* Info.plist */ = {isa = PBXFileReference; lastKnownFileType = text.plist.xml; path = Info.plist; sourceTree = "<group>"; };
		7D63D3A41EC997BD00FB5B3F /* TextingAppUITests.xctest */ = {isa = PBXFileReference; explicitFileType = wrapper.cfbundle; includeInIndex = 0; path = TextingAppUITests.xctest; sourceTree = BUILT_PRODUCTS_DIR; };
		7D63D3A81EC997BD00FB5B3F /* TextingAppUITests.swift */ = {isa = PBXFileReference; lastKnownFileType = sourcecode.swift; path = TextingAppUITests.swift; sourceTree = "<group>"; };
		7D63D3AA1EC997BD00FB5B3F /* Info.plist */ = {isa = PBXFileReference; lastKnownFileType = text.plist.xml; path = Info.plist; sourceTree = "<group>"; };
		7D9E17F41ECC51F000FA3E80 /* ContactViewController.swift */ = {isa = PBXFileReference; fileEncoding = 4; lastKnownFileType = sourcecode.swift; path = ContactViewController.swift; sourceTree = "<group>"; };
		7D9E17F61ECC537900FA3E80 /* DiscussionViewController.swift */ = {isa = PBXFileReference; fileEncoding = 4; lastKnownFileType = sourcecode.swift; path = DiscussionViewController.swift; sourceTree = "<group>"; };
		7DA083D81ECD925F00167DE4 /* Base */ = {isa = PBXFileReference; lastKnownFileType = file.storyboard; name = Base; path = Base.lproj/Main.storyboard; sourceTree = "<group>"; };
		7DD47CAA1ECAE46F00CC9CE0 /* SecondViewController.swift */ = {isa = PBXFileReference; fileEncoding = 4; lastKnownFileType = sourcecode.swift; path = SecondViewController.swift; sourceTree = "<group>"; };
		7DD47CB61ECB0CAA00CC9CE0 /* CompteViewController.swift */ = {isa = PBXFileReference; fileEncoding = 4; lastKnownFileType = sourcecode.swift; path = CompteViewController.swift; sourceTree = "<group>"; };
		7DD47CB81ECB2F4400CC9CE0 /* MotdePasseViewController.swift */ = {isa = PBXFileReference; fileEncoding = 4; lastKnownFileType = sourcecode.swift; path = MotdePasseViewController.swift; sourceTree = "<group>"; };
		7DD47CBC1ECB2F6100CC9CE0 /* SupressionViewController.swift */ = {isa = PBXFileReference; fileEncoding = 4; lastKnownFileType = sourcecode.swift; path = SupressionViewController.swift; sourceTree = "<group>"; };
		7DD47CBE1ECB2FA500CC9CE0 /* DeconnexionViewController.swift */ = {isa = PBXFileReference; fileEncoding = 4; lastKnownFileType = sourcecode.swift; path = DeconnexionViewController.swift; sourceTree = "<group>"; };
		7DD47CC01ECB355600CC9CE0 /* InfosViewController.swift */ = {isa = PBXFileReference; fileEncoding = 4; lastKnownFileType = sourcecode.swift; path = InfosViewController.swift; sourceTree = "<group>"; };
		8D5AC137FFC7223E80B5925E /* Pods_TextingAppUITests.framework */ = {isa = PBXFileReference; explicitFileType = wrapper.framework; includeInIndex = 0; path = Pods_TextingAppUITests.framework; sourceTree = BUILT_PRODUCTS_DIR; };
		98DB7739F156D5C12202E7BA /* Pods-TextingAppTests.debug.xcconfig */ = {isa = PBXFileReference; includeInIndex = 1; lastKnownFileType = text.xcconfig; name = "Pods-TextingAppTests.debug.xcconfig"; path = "Pods/Target Support Files/Pods-TextingAppTests/Pods-TextingAppTests.debug.xcconfig"; sourceTree = "<group>"; };
/* End PBXFileReference section */

/* Begin PBXFrameworksBuildPhase section */
		7D63D3821EC997BC00FB5B3F /* Frameworks */ = {
			isa = PBXFrameworksBuildPhase;
			buildActionMask = 2147483647;
			files = (
				A0E54CE067BE219B3E7674F0 /* Pods_TextingApp.framework in Frameworks */,
			);
			runOnlyForDeploymentPostprocessing = 0;
		};
		7D63D3961EC997BD00FB5B3F /* Frameworks */ = {
			isa = PBXFrameworksBuildPhase;
			buildActionMask = 2147483647;
			files = (
				EF847F1AB87AEB522F80FC11 /* Pods_TextingAppTests.framework in Frameworks */,
			);
			runOnlyForDeploymentPostprocessing = 0;
		};
		7D63D3A11EC997BD00FB5B3F /* Frameworks */ = {
			isa = PBXFrameworksBuildPhase;
			buildActionMask = 2147483647;
			files = (
				8E3DEF33BED16282BBB7CC50 /* Pods_TextingAppUITests.framework in Frameworks */,
			);
			runOnlyForDeploymentPostprocessing = 0;
		};
/* End PBXFrameworksBuildPhase section */

/* Begin PBXGroup section */
		0E6A33C65609FC347FA26834 /* Frameworks */ = {
			isa = PBXGroup;
			children = (
				75E100A0594917604F94B7EF /* Pods_TextingApp.framework */,
				5299AAF1167C536EBF786328 /* Pods_TextingAppTests.framework */,
				8D5AC137FFC7223E80B5925E /* Pods_TextingAppUITests.framework */,
			);
			name = Frameworks;
			sourceTree = "<group>";
		};
		7D63D37C1EC997BC00FB5B3F = {
			isa = PBXGroup;
			children = (
				7D63D3871EC997BD00FB5B3F /* TextingApp */,
				7D63D39C1EC997BD00FB5B3F /* TextingAppTests */,
				7D63D3A71EC997BD00FB5B3F /* TextingAppUITests */,
				7D63D3861EC997BD00FB5B3F /* Products */,
				F77229228FCC858E3F2DAD5D /* Pods */,
				0E6A33C65609FC347FA26834 /* Frameworks */,
			);
			sourceTree = "<group>";
		};
		7D63D3861EC997BD00FB5B3F /* Products */ = {
			isa = PBXGroup;
			children = (
				7D63D3851EC997BD00FB5B3F /* TextingApp.app */,
				7D63D3991EC997BD00FB5B3F /* TextingAppTests.xctest */,
				7D63D3A41EC997BD00FB5B3F /* TextingAppUITests.xctest */,
			);
			name = Products;
			sourceTree = "<group>";
		};
		7D63D3871EC997BD00FB5B3F /* TextingApp */ = {
			isa = PBXGroup;
			children = (
				7D63D3881EC997BD00FB5B3F /* AppDelegate.swift */,
				7D63D38A1EC997BD00FB5B3F /* ViewController.swift */,
				7D63D38F1EC997BD00FB5B3F /* Assets.xcassets */,
				7DA083D71ECD925F00167DE4 /* Main.storyboard */,
				7D63D3911EC997BD00FB5B3F /* LaunchScreen.storyboard */,
				7D63D3941EC997BD00FB5B3F /* Info.plist */,
				7D6350581EC9E157009D563E /* ThreeViewController.swift */,
				7DD47CAA1ECAE46F00CC9CE0 /* SecondViewController.swift */,
				7DD47CB61ECB0CAA00CC9CE0 /* CompteViewController.swift */,
				7DD47CB81ECB2F4400CC9CE0 /* MotdePasseViewController.swift */,
				7DD47CBC1ECB2F6100CC9CE0 /* SupressionViewController.swift */,
				7DD47CBE1ECB2FA500CC9CE0 /* DeconnexionViewController.swift */,
				7DD47CC01ECB355600CC9CE0 /* InfosViewController.swift */,
				7D9E17F41ECC51F000FA3E80 /* ContactViewController.swift */,
				7D9E17F61ECC537900FA3E80 /* DiscussionViewController.swift */,
			);
			path = TextingApp;
			sourceTree = "<group>";
		};
		7D63D39C1EC997BD00FB5B3F /* TextingAppTests */ = {
			isa = PBXGroup;
			children = (
				7D63D39D1EC997BD00FB5B3F /* TextingAppTests.swift */,
				7D63D39F1EC997BD00FB5B3F /* Info.plist */,
			);
			path = TextingAppTests;
			sourceTree = "<group>";
		};
		7D63D3A71EC997BD00FB5B3F /* TextingAppUITests */ = {
			isa = PBXGroup;
			children = (
				7D63D3A81EC997BD00FB5B3F /* TextingAppUITests.swift */,
				7D63D3AA1EC997BD00FB5B3F /* Info.plist */,
			);
			path = TextingAppUITests;
			sourceTree = "<group>";
		};
		F77229228FCC858E3F2DAD5D /* Pods */ = {
			isa = PBXGroup;
			children = (
				4B98CF8D7ABD1E090023FC20 /* Pods-TextingApp.debug.xcconfig */,
				4750EAEDE402543004F657C6 /* Pods-TextingApp.release.xcconfig */,
				98DB7739F156D5C12202E7BA /* Pods-TextingAppTests.debug.xcconfig */,
				709C54C02CE8EF40E504705F /* Pods-TextingAppTests.release.xcconfig */,
				56DCBCF77E153091A74E32A0 /* Pods-TextingAppUITests.debug.xcconfig */,
				44B60917ADAA5A30659C191B /* Pods-TextingAppUITests.release.xcconfig */,
			);
			name = Pods;
			sourceTree = "<group>";
		};
/* End PBXGroup section */

/* Begin PBXNativeTarget section */
		7D63D3841EC997BC00FB5B3F /* TextingApp */ = {
			isa = PBXNativeTarget;
			buildConfigurationList = 7D63D3AD1EC997BD00FB5B3F /* Build configuration list for PBXNativeTarget "TextingApp" */;
			buildPhases = (
				0B40B98719D6CA7482E95F18 /* [CP] Check Pods Manifest.lock */,
				7D63D3811EC997BC00FB5B3F /* Sources */,
				7D63D3821EC997BC00FB5B3F /* Frameworks */,
				7D63D3831EC997BC00FB5B3F /* Resources */,
				710D62AE1F0E90BBCC14B17F /* [CP] Embed Pods Frameworks */,
				D26B72FB574CE41AAD6E3F52 /* [CP] Copy Pods Resources */,
			);
			buildRules = (
			);
			dependencies = (
			);
			name = TextingApp;
			productName = TextingApp;
			productReference = 7D63D3851EC997BD00FB5B3F /* TextingApp.app */;
			productType = "com.apple.product-type.application";
		};
		7D63D3981EC997BD00FB5B3F /* TextingAppTests */ = {
			isa = PBXNativeTarget;
			buildConfigurationList = 7D63D3B01EC997BD00FB5B3F /* Build configuration list for PBXNativeTarget "TextingAppTests" */;
			buildPhases = (
				43D941F796530FD0BBD8D696 /* [CP] Check Pods Manifest.lock */,
				7D63D3951EC997BD00FB5B3F /* Sources */,
				7D63D3961EC997BD00FB5B3F /* Frameworks */,
				7D63D3971EC997BD00FB5B3F /* Resources */,
				8512C453CCC87AB6B668B48F /* [CP] Embed Pods Frameworks */,
				AABA90675D25602177010DBA /* [CP] Copy Pods Resources */,
			);
			buildRules = (
			);
			dependencies = (
				7D63D39B1EC997BD00FB5B3F /* PBXTargetDependency */,
			);
			name = TextingAppTests;
			productName = TextingAppTests;
			productReference = 7D63D3991EC997BD00FB5B3F /* TextingAppTests.xctest */;
			productType = "com.apple.product-type.bundle.unit-test";
		};
		7D63D3A31EC997BD00FB5B3F /* TextingAppUITests */ = {
			isa = PBXNativeTarget;
			buildConfigurationList = 7D63D3B31EC997BD00FB5B3F /* Build configuration list for PBXNativeTarget "TextingAppUITests" */;
			buildPhases = (
				026F94D8128A3665B3B6E9D2 /* [CP] Check Pods Manifest.lock */,
				7D63D3A01EC997BD00FB5B3F /* Sources */,
				7D63D3A11EC997BD00FB5B3F /* Frameworks */,
				7D63D3A21EC997BD00FB5B3F /* Resources */,
				AEE438404BC9086A2D4B5071 /* [CP] Embed Pods Frameworks */,
				D5C8F196BA78C376533E13C8 /* [CP] Copy Pods Resources */,
			);
			buildRules = (
			);
			dependencies = (
				7D63D3A61EC997BD00FB5B3F /* PBXTargetDependency */,
			);
			name = TextingAppUITests;
			productName = TextingAppUITests;
			productReference = 7D63D3A41EC997BD00FB5B3F /* TextingAppUITests.xctest */;
			productType = "com.apple.product-type.bundle.ui-testing";
		};
/* End PBXNativeTarget section */

/* Begin PBXProject section */
		7D63D37D1EC997BC00FB5B3F /* Project object */ = {
			isa = PBXProject;
			attributes = {
				LastSwiftUpdateCheck = 0820;
				LastUpgradeCheck = 0820;
				ORGANIZATIONNAME = stagiaire;
				TargetAttributes = {
					7D63D3841EC997BC00FB5B3F = {
						CreatedOnToolsVersion = 8.2.1;
						ProvisioningStyle = Automatic;
					};
					7D63D3981EC997BD00FB5B3F = {
						CreatedOnToolsVersion = 8.2.1;
						ProvisioningStyle = Automatic;
						TestTargetID = 7D63D3841EC997BC00FB5B3F;
					};
					7D63D3A31EC997BD00FB5B3F = {
						CreatedOnToolsVersion = 8.2.1;
						ProvisioningStyle = Automatic;
						TestTargetID = 7D63D3841EC997BC00FB5B3F;
					};
				};
			};
			buildConfigurationList = 7D63D3801EC997BC00FB5B3F /* Build configuration list for PBXProject "TextingApp" */;
			compatibilityVersion = "Xcode 3.2";
			developmentRegion = English;
			hasScannedForEncodings = 0;
			knownRegions = (
				en,
				Base,
			);
			mainGroup = 7D63D37C1EC997BC00FB5B3F;
			productRefGroup = 7D63D3861EC997BD00FB5B3F /* Products */;
			projectDirPath = "";
			projectRoot = "";
			targets = (
				7D63D3841EC997BC00FB5B3F /* TextingApp */,
				7D63D3981EC997BD00FB5B3F /* TextingAppTests */,
				7D63D3A31EC997BD00FB5B3F /* TextingAppUITests */,
			);
		};
/* End PBXProject section */

/* Begin PBXResourcesBuildPhase section */
		7D63D3831EC997BC00FB5B3F /* Resources */ = {
			isa = PBXResourcesBuildPhase;
			buildActionMask = 2147483647;
			files = (
				7DA083D91ECD925F00167DE4 /* Main.storyboard in Resources */,
				7D63D3931EC997BD00FB5B3F /* LaunchScreen.storyboard in Resources */,
				7D63D3901EC997BD00FB5B3F /* Assets.xcassets in Resources */,
			);
			runOnlyForDeploymentPostprocessing = 0;
		};
		7D63D3971EC997BD00FB5B3F /* Resources */ = {
			isa = PBXResourcesBuildPhase;
			buildActionMask = 2147483647;
			files = (
			);
			runOnlyForDeploymentPostprocessing = 0;
		};
		7D63D3A21EC997BD00FB5B3F /* Resources */ = {
			isa = PBXResourcesBuildPhase;
			buildActionMask = 2147483647;
			files = (
			);
			runOnlyForDeploymentPostprocessing = 0;
		};
/* End PBXResourcesBuildPhase section */

/* Begin PBXShellScriptBuildPhase section */
		026F94D8128A3665B3B6E9D2 /* [CP] Check Pods Manifest.lock */ = {
			isa = PBXShellScriptBuildPhase;
			buildActionMask = 2147483647;
			files = (
			);
			inputPaths = (
			);
			name = "[CP] Check Pods Manifest.lock";
			outputPaths = (
			);
			runOnlyForDeploymentPostprocessing = 0;
			shellPath = /bin/sh;
			shellScript = "diff \"${PODS_ROOT}/../Podfile.lock\" \"${PODS_ROOT}/Manifest.lock\" > /dev/null\nif [ $? != 0 ] ; then\n    # print error to STDERR\n    echo \"error: The sandbox is not in sync with the Podfile.lock. Run 'pod install' or update your CocoaPods installation.\" >&2\n    exit 1\nfi\n";
			showEnvVarsInLog = 0;
		};
		0B40B98719D6CA7482E95F18 /* [CP] Check Pods Manifest.lock */ = {
			isa = PBXShellScriptBuildPhase;
			buildActionMask = 2147483647;
			files = (
			);
			inputPaths = (
			);
			name = "[CP] Check Pods Manifest.lock";
			outputPaths = (
			);
			runOnlyForDeploymentPostprocessing = 0;
			shellPath = /bin/sh;
			shellScript = "diff \"${PODS_ROOT}/../Podfile.lock\" \"${PODS_ROOT}/Manifest.lock\" > /dev/null\nif [ $? != 0 ] ; then\n    # print error to STDERR\n    echo \"error: The sandbox is not in sync with the Podfile.lock. Run 'pod install' or update your CocoaPods installation.\" >&2\n    exit 1\nfi\n";
			showEnvVarsInLog = 0;
		};
		43D941F796530FD0BBD8D696 /* [CP] Check Pods Manifest.lock */ = {
			isa = PBXShellScriptBuildPhase;
			buildActionMask = 2147483647;
			files = (
			);
			inputPaths = (
			);
			name = "[CP] Check Pods Manifest.lock";
			outputPaths = (
			);
			runOnlyForDeploymentPostprocessing = 0;
			shellPath = /bin/sh;
			shellScript = "diff \"${PODS_ROOT}/../Podfile.lock\" \"${PODS_ROOT}/Manifest.lock\" > /dev/null\nif [ $? != 0 ] ; then\n    # print error to STDERR\n    echo \"error: The sandbox is not in sync with the Podfile.lock. Run 'pod install' or update your CocoaPods installation.\" >&2\n    exit 1\nfi\n";
			showEnvVarsInLog = 0;
		};
		710D62AE1F0E90BBCC14B17F /* [CP] Embed Pods Frameworks */ = {
			isa = PBXShellScriptBuildPhase;
			buildActionMask = 2147483647;
			files = (
			);
			inputPaths = (
			);
			name = "[CP] Embed Pods Frameworks";
			outputPaths = (
			);
			runOnlyForDeploymentPostprocessing = 0;
			shellPath = /bin/sh;
			shellScript = "\"${SRCROOT}/Pods/Target Support Files/Pods-TextingApp/Pods-TextingApp-frameworks.sh\"\n";
			showEnvVarsInLog = 0;
		};
		8512C453CCC87AB6B668B48F /* [CP] Embed Pods Frameworks */ = {
			isa = PBXShellScriptBuildPhase;
			buildActionMask = 2147483647;
			files = (
			);
			inputPaths = (
			);
			name = "[CP] Embed Pods Frameworks";
			outputPaths = (
			);
			runOnlyForDeploymentPostprocessing = 0;
			shellPath = /bin/sh;
			shellScript = "\"${SRCROOT}/Pods/Target Support Files/Pods-TextingAppTests/Pods-TextingAppTests-frameworks.sh\"\n";
			showEnvVarsInLog = 0;
		};
		AABA90675D25602177010DBA /* [CP] Copy Pods Resources */ = {
			isa = PBXShellScriptBuildPhase;
			buildActionMask = 2147483647;
			files = (
			);
			inputPaths = (
			);
			name = "[CP] Copy Pods Resources";
			outputPaths = (
			);
			runOnlyForDeploymentPostprocessing = 0;
			shellPath = /bin/sh;
			shellScript = "\"${SRCROOT}/Pods/Target Support Files/Pods-TextingAppTests/Pods-TextingAppTests-resources.sh\"\n";
			showEnvVarsInLog = 0;
		};
		AEE438404BC9086A2D4B5071 /* [CP] Embed Pods Frameworks */ = {
			isa = PBXShellScriptBuildPhase;
			buildActionMask = 2147483647;
			files = (
			);
			inputPaths = (
			);
			name = "[CP] Embed Pods Frameworks";
			outputPaths = (
			);
			runOnlyForDeploymentPostprocessing = 0;
			shellPath = /bin/sh;
			shellScript = "\"${SRCROOT}/Pods/Target Support Files/Pods-TextingAppUITests/Pods-TextingAppUITests-frameworks.sh\"\n";
			showEnvVarsInLog = 0;
		};
		D26B72FB574CE41AAD6E3F52 /* [CP] Copy Pods Resources */ = {
			isa = PBXShellScriptBuildPhase;
			buildActionMask = 2147483647;
			files = (
			);
			inputPaths = (
			);
			name = "[CP] Copy Pods Resources";
			outputPaths = (
			);
			runOnlyForDeploymentPostprocessing = 0;
			shellPath = /bin/sh;
			shellScript = "\"${SRCROOT}/Pods/Target Support Files/Pods-TextingApp/Pods-TextingApp-resources.sh\"\n";
			showEnvVarsInLog = 0;
		};
		D5C8F196BA78C376533E13C8 /* [CP] Copy Pods Resources */ = {
			isa = PBXShellScriptBuildPhase;
			buildActionMask = 2147483647;
			files = (
			);
			inputPaths = (
			);
			name = "[CP] Copy Pods Resources";
			outputPaths = (
			);
			runOnlyForDeploymentPostprocessing = 0;
			shellPath = /bin/sh;
			shellScript = "\"${SRCROOT}/Pods/Target Support Files/Pods-TextingAppUITests/Pods-TextingAppUITests-resources.sh\"\n";
			showEnvVarsInLog = 0;
		};
/* End PBXShellScriptBuildPhase section */

/* Begin PBXSourcesBuildPhase section */
		7D63D3811EC997BC00FB5B3F /* Sources */ = {
			isa = PBXSourcesBuildPhase;
			buildActionMask = 2147483647;
			files = (
				7DD47CC11ECB355600CC9CE0 /* InfosViewController.swift in Sources */,
				7D63D38B1EC997BD00FB5B3F /* ViewController.swift in Sources */,
				7DD47CBD1ECB2F6100CC9CE0 /* SupressionViewController.swift in Sources */,
				7D63D3891EC997BD00FB5B3F /* AppDelegate.swift in Sources */,
				7DD47CAB1ECAE46F00CC9CE0 /* SecondViewController.swift in Sources */,
				7DD47CBF1ECB2FA500CC9CE0 /* DeconnexionViewController.swift in Sources */,
				7DD47CB71ECB0CAA00CC9CE0 /* CompteViewController.swift in Sources */,
				7DD47CB91ECB2F4400CC9CE0 /* MotdePasseViewController.swift in Sources */,
				7D6350591EC9E157009D563E /* ThreeViewController.swift in Sources */,
				7D9E17F71ECC537900FA3E80 /* DiscussionViewController.swift in Sources */,
				7D9E17F51ECC51F000FA3E80 /* ContactViewController.swift in Sources */,
			);
			runOnlyForDeploymentPostprocessing = 0;
		};
		7D63D3951EC997BD00FB5B3F /* Sources */ = {
			isa = PBXSourcesBuildPhase;
			buildActionMask = 2147483647;
			files = (
				7D63D39E1EC997BD00FB5B3F /* TextingAppTests.swift in Sources */,
			);
			runOnlyForDeploymentPostprocessing = 0;
		};
		7D63D3A01EC997BD00FB5B3F /* Sources */ = {
			isa = PBXSourcesBuildPhase;
			buildActionMask = 2147483647;
			files = (
				7D63D3A91EC997BD00FB5B3F /* TextingAppUITests.swift in Sources */,
			);
			runOnlyForDeploymentPostprocessing = 0;
		};
/* End PBXSourcesBuildPhase section */

/* Begin PBXTargetDependency section */
		7D63D39B1EC997BD00FB5B3F /* PBXTargetDependency */ = {
			isa = PBXTargetDependency;
			target = 7D63D3841EC997BC00FB5B3F /* TextingApp */;
			targetProxy = 7D63D39A1EC997BD00FB5B3F /* PBXContainerItemProxy */;
		};
		7D63D3A61EC997BD00FB5B3F /* PBXTargetDependency */ = {
			isa = PBXTargetDependency;
			target = 7D63D3841EC997BC00FB5B3F /* TextingApp */;
			targetProxy = 7D63D3A51EC997BD00FB5B3F /* PBXContainerItemProxy */;
		};
/* End PBXTargetDependency section */

/* Begin PBXVariantGroup section */
		7D63D3911EC997BD00FB5B3F /* LaunchScreen.storyboard */ = {
			isa = PBXVariantGroup;
			children = (
				7D63D3921EC997BD00FB5B3F /* Base */,
			);
			name = LaunchScreen.storyboard;
			sourceTree = "<group>";
		};
		7DA083D71ECD925F00167DE4 /* Main.storyboard */ = {
			isa = PBXVariantGroup;
			children = (
				7DA083D81ECD925F00167DE4 /* Base */,
			);
			name = Main.storyboard;
			sourceTree = "<group>";
		};
/* End PBXVariantGroup section */

/* Begin XCBuildConfiguration section */
		7D63D3AB1EC997BD00FB5B3F /* Debug */ = {
			isa = XCBuildConfiguration;
			buildSettings = {
				ALWAYS_SEARCH_USER_PATHS = NO;
				CLANG_ANALYZER_NONNULL = YES;
				CLANG_CXX_LANGUAGE_STANDARD = "gnu++0x";
				CLANG_CXX_LIBRARY = "libc++";
				CLANG_ENABLE_MODULES = YES;
				CLANG_ENABLE_OBJC_ARC = YES;
				CLANG_WARN_BOOL_CONVERSION = YES;
				CLANG_WARN_CONSTANT_CONVERSION = YES;
				CLANG_WARN_DIRECT_OBJC_ISA_USAGE = YES_ERROR;
				CLANG_WARN_DOCUMENTATION_COMMENTS = YES;
				CLANG_WARN_EMPTY_BODY = YES;
				CLANG_WARN_ENUM_CONVERSION = YES;
				CLANG_WARN_INFINITE_RECURSION = YES;
				CLANG_WARN_INT_CONVERSION = YES;
				CLANG_WARN_OBJC_ROOT_CLASS = YES_ERROR;
				CLANG_WARN_SUSPICIOUS_MOVE = YES;
				CLANG_WARN_UNREACHABLE_CODE = YES;
				CLANG_WARN__DUPLICATE_METHOD_MATCH = YES;
				"CODE_SIGN_IDENTITY[sdk=iphoneos*]" = "iPhone Developer";
				COPY_PHASE_STRIP = NO;
				DEBUG_INFORMATION_FORMAT = dwarf;
				ENABLE_STRICT_OBJC_MSGSEND = YES;
				ENABLE_TESTABILITY = YES;
				GCC_C_LANGUAGE_STANDARD = gnu99;
				GCC_DYNAMIC_NO_PIC = NO;
				GCC_NO_COMMON_BLOCKS = YES;
				GCC_OPTIMIZATION_LEVEL = 0;
				GCC_PREPROCESSOR_DEFINITIONS = (
					"DEBUG=1",
					"$(inherited)",
				);
				GCC_WARN_64_TO_32_BIT_CONVERSION = YES;
				GCC_WARN_ABOUT_RETURN_TYPE = YES_ERROR;
				GCC_WARN_UNDECLARED_SELECTOR = YES;
				GCC_WARN_UNINITIALIZED_AUTOS = YES_AGGRESSIVE;
				GCC_WARN_UNUSED_FUNCTION = YES;
				GCC_WARN_UNUSED_VARIABLE = YES;
				IPHONEOS_DEPLOYMENT_TARGET = 10.2;
				MTL_ENABLE_DEBUG_INFO = YES;
				ONLY_ACTIVE_ARCH = YES;
				SDKROOT = iphoneos;
				SWIFT_ACTIVE_COMPILATION_CONDITIONS = DEBUG;
				SWIFT_OPTIMIZATION_LEVEL = "-Onone";
				TARGETED_DEVICE_FAMILY = "1,2";
			};
			name = Debug;
		};
		7D63D3AC1EC997BD00FB5B3F /* Release */ = {
			isa = XCBuildConfiguration;
			buildSettings = {
				ALWAYS_SEARCH_USER_PATHS = NO;
				CLANG_ANALYZER_NONNULL = YES;
				CLANG_CXX_LANGUAGE_STANDARD = "gnu++0x";
				CLANG_CXX_LIBRARY = "libc++";
				CLANG_ENABLE_MODULES = YES;
				CLANG_ENABLE_OBJC_ARC = YES;
				CLANG_WARN_BOOL_CONVERSION = YES;
				CLANG_WARN_CONSTANT_CONVERSION = YES;
				CLANG_WARN_DIRECT_OBJC_ISA_USAGE = YES_ERROR;
				CLANG_WARN_DOCUMENTATION_COMMENTS = YES;
				CLANG_WARN_EMPTY_BODY = YES;
				CLANG_WARN_ENUM_CONVERSION = YES;
				CLANG_WARN_INFINITE_RECURSION = YES;
				CLANG_WARN_INT_CONVERSION = YES;
				CLANG_WARN_OBJC_ROOT_CLASS = YES_ERROR;
				CLANG_WARN_SUSPICIOUS_MOVE = YES;
				CLANG_WARN_UNREACHABLE_CODE = YES;
				CLANG_WARN__DUPLICATE_METHOD_MATCH = YES;
				"CODE_SIGN_IDENTITY[sdk=iphoneos*]" = "iPhone Developer";
				COPY_PHASE_STRIP = NO;
				DEBUG_INFORMATION_FORMAT = "dwarf-with-dsym";
				ENABLE_NS_ASSERTIONS = NO;
				ENABLE_STRICT_OBJC_MSGSEND = YES;
				GCC_C_LANGUAGE_STANDARD = gnu99;
				GCC_NO_COMMON_BLOCKS = YES;
				GCC_WARN_64_TO_32_BIT_CONVERSION = YES;
				GCC_WARN_ABOUT_RETURN_TYPE = YES_ERROR;
				GCC_WARN_UNDECLARED_SELECTOR = YES;
				GCC_WARN_UNINITIALIZED_AUTOS = YES_AGGRESSIVE;
				GCC_WARN_UNUSED_FUNCTION = YES;
				GCC_WARN_UNUSED_VARIABLE = YES;
				IPHONEOS_DEPLOYMENT_TARGET = 10.2;
				MTL_ENABLE_DEBUG_INFO = NO;
				SDKROOT = iphoneos;
				SWIFT_OPTIMIZATION_LEVEL = "-Owholemodule";
				TARGETED_DEVICE_FAMILY = "1,2";
				VALIDATE_PRODUCT = YES;
			};
			name = Release;
		};
		7D63D3AE1EC997BD00FB5B3F /* Debug */ = {
			isa = XCBuildConfiguration;
			baseConfigurationReference = 4B98CF8D7ABD1E090023FC20 /* Pods-TextingApp.debug.xcconfig */;
			buildSettings = {
				ASSETCATALOG_COMPILER_APPICON_NAME = AppIcon;
				INFOPLIST_FILE = TextingApp/Info.plist;
				LD_RUNPATH_SEARCH_PATHS = "$(inherited) @executable_path/Frameworks";
				PRODUCT_BUNDLE_IDENTIFIER = dev8.TextingApp;
				PRODUCT_NAME = "$(TARGET_NAME)";
				SWIFT_VERSION = 3.0;
			};
			name = Debug;
		};
		7D63D3AF1EC997BD00FB5B3F /* Release */ = {
			isa = XCBuildConfiguration;
			baseConfigurationReference = 4750EAEDE402543004F657C6 /* Pods-TextingApp.release.xcconfig */;
			buildSettings = {
				ASSETCATALOG_COMPILER_APPICON_NAME = AppIcon;
				INFOPLIST_FILE = TextingApp/Info.plist;
				LD_RUNPATH_SEARCH_PATHS = "$(inherited) @executable_path/Frameworks";
				PRODUCT_BUNDLE_IDENTIFIER = dev8.TextingApp;
				PRODUCT_NAME = "$(TARGET_NAME)";
				SWIFT_VERSION = 3.0;
			};
			name = Release;
		};
		7D63D3B11EC997BD00FB5B3F /* Debug */ = {
			isa = XCBuildConfiguration;
			baseConfigurationReference = 98DB7739F156D5C12202E7BA /* Pods-TextingAppTests.debug.xcconfig */;
			buildSettings = {
				ALWAYS_EMBED_SWIFT_STANDARD_LIBRARIES = YES;
				BUNDLE_LOADER = "$(TEST_HOST)";
				INFOPLIST_FILE = TextingAppTests/Info.plist;
				LD_RUNPATH_SEARCH_PATHS = "$(inherited) @executable_path/Frameworks @loader_path/Frameworks";
				PRODUCT_BUNDLE_IDENTIFIER = dev8.TextingAppTests;
				PRODUCT_NAME = "$(TARGET_NAME)";
				SWIFT_VERSION = 3.0;
				TEST_HOST = "$(BUILT_PRODUCTS_DIR)/TextingApp.app/TextingApp";
			};
			name = Debug;
		};
		7D63D3B21EC997BD00FB5B3F /* Release */ = {
			isa = XCBuildConfiguration;
			baseConfigurationReference = 709C54C02CE8EF40E504705F /* Pods-TextingAppTests.release.xcconfig */;
			buildSettings = {
				ALWAYS_EMBED_SWIFT_STANDARD_LIBRARIES = YES;
				BUNDLE_LOADER = "$(TEST_HOST)";
				INFOPLIST_FILE = TextingAppTests/Info.plist;
				LD_RUNPATH_SEARCH_PATHS = "$(inherited) @executable_path/Frameworks @loader_path/Frameworks";
				PRODUCT_BUNDLE_IDENTIFIER = dev8.TextingAppTests;
				PRODUCT_NAME = "$(TARGET_NAME)";
				SWIFT_VERSION = 3.0;
				TEST_HOST = "$(BUILT_PRODUCTS_DIR)/TextingApp.app/TextingApp";
			};
			name = Release;
		};
		7D63D3B41EC997BD00FB5B3F /* Debug */ = {
			isa = XCBuildConfiguration;
			baseConfigurationReference = 56DCBCF77E153091A74E32A0 /* Pods-TextingAppUITests.debug.xcconfig */;
			buildSettings = {
				ALWAYS_EMBED_SWIFT_STANDARD_LIBRARIES = YES;
				INFOPLIST_FILE = TextingAppUITests/Info.plist;
				LD_RUNPATH_SEARCH_PATHS = "$(inherited) @executable_path/Frameworks @loader_path/Frameworks";
				PRODUCT_BUNDLE_IDENTIFIER = dev8.TextingAppUITests;
				PRODUCT_NAME = "$(TARGET_NAME)";
				SWIFT_VERSION = 3.0;
				TEST_TARGET_NAME = TextingApp;
			};
			name = Debug;
		};
		7D63D3B51EC997BD00FB5B3F /* Release */ = {
			isa = XCBuildConfiguration;
			baseConfigurationReference = 44B60917ADAA5A30659C191B /* Pods-TextingAppUITests.release.xcconfig */;
			buildSettings = {
				ALWAYS_EMBED_SWIFT_STANDARD_LIBRARIES = YES;
				INFOPLIST_FILE = TextingAppUITests/Info.plist;
				LD_RUNPATH_SEARCH_PATHS = "$(inherited) @executable_path/Frameworks @loader_path/Frameworks";
				PRODUCT_BUNDLE_IDENTIFIER = dev8.TextingAppUITests;
				PRODUCT_NAME = "$(TARGET_NAME)";
				SWIFT_VERSION = 3.0;
				TEST_TARGET_NAME = TextingApp;
			};
			name = Release;
		};
/* End XCBuildConfiguration section */

/* Begin XCConfigurationList section */
		7D63D3801EC997BC00FB5B3F /* Build configuration list for PBXProject "TextingApp" */ = {
			isa = XCConfigurationList;
			buildConfigurations = (
				7D63D3AB1EC997BD00FB5B3F /* Debug */,
				7D63D3AC1EC997BD00FB5B3F /* Release */,
			);
			defaultConfigurationIsVisible = 0;
			defaultConfigurationName = Release;
		};
		7D63D3AD1EC997BD00FB5B3F /* Build configuration list for PBXNativeTarget "TextingApp" */ = {
			isa = XCConfigurationList;
			buildConfigurations = (
				7D63D3AE1EC997BD00FB5B3F /* Debug */,
				7D63D3AF1EC997BD00FB5B3F /* Release */,
			);
			defaultConfigurationIsVisible = 0;
			defaultConfigurationName = Release;
		};
		7D63D3B01EC997BD00FB5B3F /* Build configuration list for PBXNativeTarget "TextingAppTests" */ = {
			isa = XCConfigurationList;
			buildConfigurations = (
				7D63D3B11EC997BD00FB5B3F /* Debug */,
				7D63D3B21EC997BD00FB5B3F /* Release */,
			);
			defaultConfigurationIsVisible = 0;
			defaultConfigurationName = Release;
		};
		7D63D3B31EC997BD00FB5B3F /* Build configuration list for PBXNativeTarget "TextingAppUITests" */ = {
			isa = XCConfigurationList;
			buildConfigurations = (
				7D63D3B41EC997BD00FB5B3F /* Debug */,
				7D63D3B51EC997BD00FB5B3F /* Release */,
			);
			defaultConfigurationIsVisible = 0;
			defaultConfigurationName = Release;
		};
/* End XCConfigurationList section */
	};
	rootObject = 7D63D37D1EC997BC00FB5B3F /* Project object */;
}
