// !$*UTF8*$!
{
	archiveVersion = 1;
	classes = {
	};
	objectVersion = 46;
	objects = {

/* Begin PBXBuildFile section */
		30FBC0101159FA125E94224A /* Pods_TextingApp.framework in Frameworks */ = {isa = PBXBuildFile; fileRef = 0E559E8371BF666A0F30871F /* Pods_TextingApp.framework */; };
		3DF8599BACBBB43D608A8116 /* Pods_TextingAppTests.framework in Frameworks */ = {isa = PBXBuildFile; fileRef = A44016AA2F3778270BF0003F /* Pods_TextingAppTests.framework */; };
		46C0DA90D2571B88D892FDDF /* Pods_TextingAppUITests.framework in Frameworks */ = {isa = PBXBuildFile; fileRef = 506CFCB88F560594BB3A7289 /* Pods_TextingAppUITests.framework */; };
		7D0078AE1ECC58E80026CF63 /* RegisterViewController.swift in Sources */ = {isa = PBXBuildFile; fileRef = 7D0078AD1ECC58E80026CF63 /* RegisterViewController.swift */; };
		7D0078B21ECC5A4C0026CF63 /* DeconnexionViewController.swift in Sources */ = {isa = PBXBuildFile; fileRef = 7D0078AF1ECC5A4C0026CF63 /* DeconnexionViewController.swift */; };
		7D0078B31ECC5A4C0026CF63 /* MotdePasseViewController.swift in Sources */ = {isa = PBXBuildFile; fileRef = 7D0078B01ECC5A4C0026CF63 /* MotdePasseViewController.swift */; };
		7D0078B41ECC5A4C0026CF63 /* SupressionViewController.swift in Sources */ = {isa = PBXBuildFile; fileRef = 7D0078B11ECC5A4C0026CF63 /* SupressionViewController.swift */; };
		7D0078B71ECC9A440026CF63 /* ContactViewController.swift in Sources */ = {isa = PBXBuildFile; fileRef = 7D0078B51ECC9A440026CF63 /* ContactViewController.swift */; };
		7D0078B81ECC9A440026CF63 /* DiscussionViewController.swift in Sources */ = {isa = PBXBuildFile; fileRef = 7D0078B61ECC9A440026CF63 /* DiscussionViewController.swift */; };
		7D0078BA1ECCA1750026CF63 /* ParamsViewController.swift in Sources */ = {isa = PBXBuildFile; fileRef = 7D0078B91ECCA1750026CF63 /* ParamsViewController.swift */; };
		7D6350591EC9E157009D563E /* ThreeViewController.swift in Sources */ = {isa = PBXBuildFile; fileRef = 7D6350581EC9E157009D563E /* ThreeViewController.swift */; };
		7D63505F1EC9FB48009D563E /* ContactsTableViewController.swift in Sources */ = {isa = PBXBuildFile; fileRef = 7D63505E1EC9FB48009D563E /* ContactsTableViewController.swift */; };
		7D63D3891EC997BD00FB5B3F /* AppDelegate.swift in Sources */ = {isa = PBXBuildFile; fileRef = 7D63D3881EC997BD00FB5B3F /* AppDelegate.swift */; };
		7D63D38B1EC997BD00FB5B3F /* ViewController.swift in Sources */ = {isa = PBXBuildFile; fileRef = 7D63D38A1EC997BD00FB5B3F /* ViewController.swift */; };
		7D63D3901EC997BD00FB5B3F /* Assets.xcassets in Resources */ = {isa = PBXBuildFile; fileRef = 7D63D38F1EC997BD00FB5B3F /* Assets.xcassets */; };
		7D63D3931EC997BD00FB5B3F /* LaunchScreen.storyboard in Resources */ = {isa = PBXBuildFile; fileRef = 7D63D3911EC997BD00FB5B3F /* LaunchScreen.storyboard */; };
		7D63D39E1EC997BD00FB5B3F /* TextingAppTests.swift in Sources */ = {isa = PBXBuildFile; fileRef = 7D63D39D1EC997BD00FB5B3F /* TextingAppTests.swift */; };
		7D63D3A91EC997BD00FB5B3F /* TextingAppUITests.swift in Sources */ = {isa = PBXBuildFile; fileRef = 7D63D3A81EC997BD00FB5B3F /* TextingAppUITests.swift */; };
		7DA083D91ECD925F00167DE4 /* Main.storyboard in Resources */ = {isa = PBXBuildFile; fileRef = 7DA083D71ECD925F00167DE4 /* Main.storyboard */; };
		7DCB98BC1ECED97B001CC7BB /* ParamViewController.swift in Sources */ = {isa = PBXBuildFile; fileRef = 7DCB98BB1ECED97B001CC7BB /* ParamViewController.swift */; };
		7DCB98C21ECEF2FD001CC7BB /* CommunUrlApi.swift in Sources */ = {isa = PBXBuildFile; fileRef = 7DCB98BE1ECEF2FD001CC7BB /* CommunUrlApi.swift */; };
		7DCB98C31ECEF2FD001CC7BB /* ConfigUser.swift in Sources */ = {isa = PBXBuildFile; fileRef = 7DCB98BF1ECEF2FD001CC7BB /* ConfigUser.swift */; };
		7DCB98C41ECEF2FD001CC7BB /* Contact.swift in Sources */ = {isa = PBXBuildFile; fileRef = 7DCB98C01ECEF2FD001CC7BB /* Contact.swift */; };
		7DCB98C51ECEF2FD001CC7BB /* ContactsList.swift in Sources */ = {isa = PBXBuildFile; fileRef = 7DCB98C11ECEF2FD001CC7BB /* ContactsList.swift */; };
		7DCB98C71ECF36E8001CC7BB /* ContactTableViewCell.swift in Sources */ = {isa = PBXBuildFile; fileRef = 7DCB98C61ECF36E8001CC7BB /* ContactTableViewCell.swift */; };
		7DD47CB71ECB0CAA00CC9CE0 /* CompteViewController.swift in Sources */ = {isa = PBXBuildFile; fileRef = 7DD47CB61ECB0CAA00CC9CE0 /* CompteViewController.swift */; };
/* End PBXBuildFile section */

/* Begin PBXContainerItemProxy section */
		7D63D39A1EC997BD00FB5B3F /* PBXContainerItemProxy */ = {
			isa = PBXContainerItemProxy;
			containerPortal = 7D63D37D1EC997BC00FB5B3F /* Project object */;
			proxyType = 1;
			remoteGlobalIDString = 7D63D3841EC997BC00FB5B3F;
			remoteInfo = TextingApp;
		};
		7D63D3A51EC997BD00FB5B3F /* PBXContainerItemProxy */ = {
			isa = PBXContainerItemProxy;
			containerPortal = 7D63D37D1EC997BC00FB5B3F /* Project object */;
			proxyType = 1;
			remoteGlobalIDString = 7D63D3841EC997BC00FB5B3F;
			remoteInfo = TextingApp;
		};
/* End PBXContainerItemProxy section */

/* Begin PBXFileReference section */
		0E559E8371BF666A0F30871F /* Pods_TextingApp.framework */ = {isa = PBXFileReference; explicitFileType = wrapper.framework; includeInIndex = 0; path = Pods_TextingApp.framework; sourceTree = BUILT_PRODUCTS_DIR; };
		1A5BC16CA38CDEA48F6432D8 /* Pods-TextingAppTests.release.xcconfig */ = {isa = PBXFileReference; includeInIndex = 1; lastKnownFileType = text.xcconfig; name = "Pods-TextingAppTests.release.xcconfig"; path = "Pods/Target Support Files/Pods-TextingAppTests/Pods-TextingAppTests.release.xcconfig"; sourceTree = "<group>"; };
		506CFCB88F560594BB3A7289 /* Pods_TextingAppUITests.framework */ = {isa = PBXFileReference; explicitFileType = wrapper.framework; includeInIndex = 0; path = Pods_TextingAppUITests.framework; sourceTree = BUILT_PRODUCTS_DIR; };
		557A4C5E3CA0164DA5BF2F9D /* Pods-TextingAppUITests.release.xcconfig */ = {isa = PBXFileReference; includeInIndex = 1; lastKnownFileType = text.xcconfig; name = "Pods-TextingAppUITests.release.xcconfig"; path = "Pods/Target Support Files/Pods-TextingAppUITests/Pods-TextingAppUITests.release.xcconfig"; sourceTree = "<group>"; };
		56B552AB631EBAB1401DFA71 /* Pods-TextingApp.debug.xcconfig */ = {isa = PBXFileReference; includeInIndex = 1; lastKnownFileType = text.xcconfig; name = "Pods-TextingApp.debug.xcconfig"; path = "Pods/Target Support Files/Pods-TextingApp/Pods-TextingApp.debug.xcconfig"; sourceTree = "<group>"; };
		7D0078AD1ECC58E80026CF63 /* RegisterViewController.swift */ = {isa = PBXFileReference; fileEncoding = 4; lastKnownFileType = sourcecode.swift; path = RegisterViewController.swift; sourceTree = "<group>"; };
		7D0078AF1ECC5A4C0026CF63 /* DeconnexionViewController.swift */ = {isa = PBXFileReference; fileEncoding = 4; lastKnownFileType = sourcecode.swift; path = DeconnexionViewController.swift; sourceTree = "<group>"; };
		7D0078B01ECC5A4C0026CF63 /* MotdePasseViewController.swift */ = {isa = PBXFileReference; fileEncoding = 4; lastKnownFileType = sourcecode.swift; path = MotdePasseViewController.swift; sourceTree = "<group>"; };
		7D0078B11ECC5A4C0026CF63 /* SupressionViewController.swift */ = {isa = PBXFileReference; fileEncoding = 4; lastKnownFileType = sourcecode.swift; path = SupressionViewController.swift; sourceTree = "<group>"; };
		7D0078B51ECC9A440026CF63 /* ContactViewController.swift */ = {isa = PBXFileReference; fileEncoding = 4; lastKnownFileType = sourcecode.swift; path = ContactViewController.swift; sourceTree = "<group>"; };
		7D0078B61ECC9A440026CF63 /* DiscussionViewController.swift */ = {isa = PBXFileReference; fileEncoding = 4; lastKnownFileType = sourcecode.swift; path = DiscussionViewController.swift; sourceTree = "<group>"; };
		7D0078B91ECCA1750026CF63 /* ParamsViewController.swift */ = {isa = PBXFileReference; fileEncoding = 4; lastKnownFileType = sourcecode.swift; path = ParamsViewController.swift; sourceTree = "<group>"; };
		7D6350581EC9E157009D563E /* ThreeViewController.swift */ = {isa = PBXFileReference; fileEncoding = 4; lastKnownFileType = sourcecode.swift; path = ThreeViewController.swift; sourceTree = "<group>"; };
		7D63505E1EC9FB48009D563E /* ContactsTableViewController.swift */ = {isa = PBXFileReference; fileEncoding = 4; lastKnownFileType = sourcecode.swift; path = ContactsTableViewController.swift; sourceTree = "<group>"; };
		7D63D3851EC997BD00FB5B3F /* TextingApp.app */ = {isa = PBXFileReference; explicitFileType = wrapper.application; includeInIndex = 0; path = TextingApp.app; sourceTree = BUILT_PRODUCTS_DIR; };
		7D63D3881EC997BD00FB5B3F /* AppDelegate.swift */ = {isa = PBXFileReference; lastKnownFileType = sourcecode.swift; path = AppDelegate.swift; sourceTree = "<group>"; };
		7D63D38A1EC997BD00FB5B3F /* ViewController.swift */ = {isa = PBXFileReference; lastKnownFileType = sourcecode.swift; path = ViewController.swift; sourceTree = "<group>"; };
		7D63D38F1EC997BD00FB5B3F /* Assets.xcassets */ = {isa = PBXFileReference; lastKnownFileType = folder.assetcatalog; path = Assets.xcassets; sourceTree = "<group>"; };
		7D63D3921EC997BD00FB5B3F /* Base */ = {isa = PBXFileReference; lastKnownFileType = file.storyboard; name = Base; path = Base.lproj/LaunchScreen.storyboard; sourceTree = "<group>"; };
		7D63D3941EC997BD00FB5B3F /* Info.plist */ = {isa = PBXFileReference; lastKnownFileType = text.plist.xml; path = Info.plist; sourceTree = "<group>"; };
		7D63D3991EC997BD00FB5B3F /* TextingAppTests.xctest */ = {isa = PBXFileReference; explicitFileType = wrapper.cfbundle; includeInIndex = 0; path = TextingAppTests.xctest; sourceTree = BUILT_PRODUCTS_DIR; };
		7D63D39D1EC997BD00FB5B3F /* TextingAppTests.swift */ = {isa = PBXFileReference; lastKnownFileType = sourcecode.swift; path = TextingAppTests.swift; sourceTree = "<group>"; };
		7D63D39F1EC997BD00FB5B3F /* Info.plist */ = {isa = PBXFileReference; lastKnownFileType = text.plist.xml; path = Info.plist; sourceTree = "<group>"; };
		7D63D3A41EC997BD00FB5B3F /* TextingAppUITests.xctest */ = {isa = PBXFileReference; explicitFileType = wrapper.cfbundle; includeInIndex = 0; path = TextingAppUITests.xctest; sourceTree = BUILT_PRODUCTS_DIR; };
		7D63D3A81EC997BD00FB5B3F /* TextingAppUITests.swift */ = {isa = PBXFileReference; lastKnownFileType = sourcecode.swift; path = TextingAppUITests.swift; sourceTree = "<group>"; };
		7D63D3AA1EC997BD00FB5B3F /* Info.plist */ = {isa = PBXFileReference; lastKnownFileType = text.plist.xml; path = Info.plist; sourceTree = "<group>"; };
		7DA083D81ECD925F00167DE4 /* Base */ = {isa = PBXFileReference; lastKnownFileType = file.storyboard; name = Base; path = Base.lproj/Main.storyboard; sourceTree = "<group>"; };
		7DCB98BB1ECED97B001CC7BB /* ParamViewController.swift */ = {isa = PBXFileReference; fileEncoding = 4; lastKnownFileType = sourcecode.swift; path = ParamViewController.swift; sourceTree = "<group>"; };
		7DCB98BE1ECEF2FD001CC7BB /* CommunUrlApi.swift */ = {isa = PBXFileReference; fileEncoding = 4; lastKnownFileType = sourcecode.swift; path = CommunUrlApi.swift; sourceTree = "<group>"; };
		7DCB98BF1ECEF2FD001CC7BB /* ConfigUser.swift */ = {isa = PBXFileReference; fileEncoding = 4; lastKnownFileType = sourcecode.swift; path = ConfigUser.swift; sourceTree = "<group>"; };
		7DCB98C01ECEF2FD001CC7BB /* Contact.swift */ = {isa = PBXFileReference; fileEncoding = 4; lastKnownFileType = sourcecode.swift; path = Contact.swift; sourceTree = "<group>"; };
		7DCB98C11ECEF2FD001CC7BB /* ContactsList.swift */ = {isa = PBXFileReference; fileEncoding = 4; lastKnownFileType = sourcecode.swift; path = ContactsList.swift; sourceTree = "<group>"; };
		7DCB98C61ECF36E8001CC7BB /* ContactTableViewCell.swift */ = {isa = PBXFileReference; fileEncoding = 4; lastKnownFileType = sourcecode.swift; path = ContactTableViewCell.swift; sourceTree = "<group>"; };
		7DD47CB61ECB0CAA00CC9CE0 /* CompteViewController.swift */ = {isa = PBXFileReference; fileEncoding = 4; lastKnownFileType = sourcecode.swift; path = CompteViewController.swift; sourceTree = "<group>"; };
		A44016AA2F3778270BF0003F /* Pods_TextingAppTests.framework */ = {isa = PBXFileReference; explicitFileType = wrapper.framework; includeInIndex = 0; path = Pods_TextingAppTests.framework; sourceTree = BUILT_PRODUCTS_DIR; };
		ACC82C0C0310C8EB28A94E95 /* Pods-TextingAppUITests.debug.xcconfig */ = {isa = PBXFileReference; includeInIndex = 1; lastKnownFileType = text.xcconfig; name = "Pods-TextingAppUITests.debug.xcconfig"; path = "Pods/Target Support Files/Pods-TextingAppUITests/Pods-TextingAppUITests.debug.xcconfig"; sourceTree = "<group>"; };
		AECBFC58F60B84EAD0D01FCB /* Pods-TextingApp.release.xcconfig */ = {isa = PBXFileReference; includeInIndex = 1; lastKnownFileType = text.xcconfig; name = "Pods-TextingApp.release.xcconfig"; path = "Pods/Target Support Files/Pods-TextingApp/Pods-TextingApp.release.xcconfig"; sourceTree = "<group>"; };
		BEF0E37051C6FECD471B74FC /* Pods-TextingAppTests.debug.xcconfig */ = {isa = PBXFileReference; includeInIndex = 1; lastKnownFileType = text.xcconfig; name = "Pods-TextingAppTests.debug.xcconfig"; path = "Pods/Target Support Files/Pods-TextingAppTests/Pods-TextingAppTests.debug.xcconfig"; sourceTree = "<group>"; };
/* End PBXFileReference section */

/* Begin PBXFrameworksBuildPhase section */
		7D63D3821EC997BC00FB5B3F /* Frameworks */ = {
			isa = PBXFrameworksBuildPhase;
			buildActionMask = 2147483647;
			files = (
				30FBC0101159FA125E94224A /* Pods_TextingApp.framework in Frameworks */,
			);
			runOnlyForDeploymentPostprocessing = 0;
		};
		7D63D3961EC997BD00FB5B3F /* Frameworks */ = {
			isa = PBXFrameworksBuildPhase;
			buildActionMask = 2147483647;
			files = (
				3DF8599BACBBB43D608A8116 /* Pods_TextingAppTests.framework in Frameworks */,
			);
			runOnlyForDeploymentPostprocessing = 0;
		};
		7D63D3A11EC997BD00FB5B3F /* Frameworks */ = {
			isa = PBXFrameworksBuildPhase;
			buildActionMask = 2147483647;
			files = (
				46C0DA90D2571B88D892FDDF /* Pods_TextingAppUITests.framework in Frameworks */,
			);
			runOnlyForDeploymentPostprocessing = 0;
		};
/* End PBXFrameworksBuildPhase section */

/* Begin PBXGroup section */
		2066B72D280B5490115EC21D /* Frameworks */ = {
			isa = PBXGroup;
			children = (
				0E559E8371BF666A0F30871F /* Pods_TextingApp.framework */,
				A44016AA2F3778270BF0003F /* Pods_TextingAppTests.framework */,
				506CFCB88F560594BB3A7289 /* Pods_TextingAppUITests.framework */,
			);
			name = Frameworks;
			sourceTree = "<group>";
		};
		7D63D37C1EC997BC00FB5B3F = {
			isa = PBXGroup;
			children = (
				7D63D3871EC997BD00FB5B3F /* TextingApp */,
				7D63D39C1EC997BD00FB5B3F /* TextingAppTests */,
				7D63D3A71EC997BD00FB5B3F /* TextingAppUITests */,
				7D63D3861EC997BD00FB5B3F /* Products */,
				F33095E5B5D6985F2858AA00 /* Pods */,
				2066B72D280B5490115EC21D /* Frameworks */,
			);
			sourceTree = "<group>";
		};
		7D63D3861EC997BD00FB5B3F /* Products */ = {
			isa = PBXGroup;
			children = (
				7D63D3851EC997BD00FB5B3F /* TextingApp.app */,
				7D63D3991EC997BD00FB5B3F /* TextingAppTests.xctest */,
				7D63D3A41EC997BD00FB5B3F /* TextingAppUITests.xctest */,
			);
			name = Products;
			sourceTree = "<group>";
		};
		7D63D3871EC997BD00FB5B3F /* TextingApp */ = {
			isa = PBXGroup;
			children = (
				7DCB98BE1ECEF2FD001CC7BB /* CommunUrlApi.swift */,
				7DCB98BF1ECEF2FD001CC7BB /* ConfigUser.swift */,
				7DCB98C11ECEF2FD001CC7BB /* ContactsList.swift */,
				7DCB98C01ECEF2FD001CC7BB /* Contact.swift */,
				7D63D3881EC997BD00FB5B3F /* AppDelegate.swift */,
				7D63D38A1EC997BD00FB5B3F /* ViewController.swift */,
				7DA083D71ECD925F00167DE4 /* Main.storyboard */,
				7D63D38F1EC997BD00FB5B3F /* Assets.xcassets */,
				7D63D3911EC997BD00FB5B3F /* LaunchScreen.storyboard */,
				7D63D3941EC997BD00FB5B3F /* Info.plist */,
				7D6350581EC9E157009D563E /* ThreeViewController.swift */,
				7D63505E1EC9FB48009D563E /* ContactsTableViewController.swift */,
				7D0078AD1ECC58E80026CF63 /* RegisterViewController.swift */,
				7D0078B51ECC9A440026CF63 /* ContactViewController.swift */,
				7DCB98BB1ECED97B001CC7BB /* ParamViewController.swift */,
				7D0078B61ECC9A440026CF63 /* DiscussionViewController.swift */,
				7DD47CB61ECB0CAA00CC9CE0 /* CompteViewController.swift */,
				7D0078AF1ECC5A4C0026CF63 /* DeconnexionViewController.swift */,
				7D0078B01ECC5A4C0026CF63 /* MotdePasseViewController.swift */,
				7D0078B11ECC5A4C0026CF63 /* SupressionViewController.swift */,
				7D0078B91ECCA1750026CF63 /* ParamsViewController.swift */,
				7DCB98C61ECF36E8001CC7BB /* ContactTableViewCell.swift */,
			);
			path = TextingApp;
			sourceTree = "<group>";
		};
		7D63D39C1EC997BD00FB5B3F /* TextingAppTests */ = {
			isa = PBXGroup;
			children = (
				7D63D39D1EC997BD00FB5B3F /* TextingAppTests.swift */,
				7D63D39F1EC997BD00FB5B3F /* Info.plist */,
			);
			path = TextingAppTests;
			sourceTree = "<group>";
		};
		7D63D3A71EC997BD00FB5B3F /* TextingAppUITests */ = {
			isa = PBXGroup;
			children = (
				7D63D3A81EC997BD00FB5B3F /* TextingAppUITests.swift */,
				7D63D3AA1EC997BD00FB5B3F /* Info.plist */,
			);
			path = TextingAppUITests;
			sourceTree = "<group>";
		};
		F33095E5B5D6985F2858AA00 /* Pods */ = {
			isa = PBXGroup;
			children = (
				56B552AB631EBAB1401DFA71 /* Pods-TextingApp.debug.xcconfig */,
				AECBFC58F60B84EAD0D01FCB /* Pods-TextingApp.release.xcconfig */,
				BEF0E37051C6FECD471B74FC /* Pods-TextingAppTests.debug.xcconfig */,
				1A5BC16CA38CDEA48F6432D8 /* Pods-TextingAppTests.release.xcconfig */,
				ACC82C0C0310C8EB28A94E95 /* Pods-TextingAppUITests.debug.xcconfig */,
				557A4C5E3CA0164DA5BF2F9D /* Pods-TextingAppUITests.release.xcconfig */,
			);
			name = Pods;
			sourceTree = "<group>";
		};
/* End PBXGroup section */

/* Begin PBXNativeTarget section */
		7D63D3841EC997BC00FB5B3F /* TextingApp */ = {
			isa = PBXNativeTarget;
			buildConfigurationList = 7D63D3AD1EC997BD00FB5B3F /* Build configuration list for PBXNativeTarget "TextingApp" */;
			buildPhases = (
				423A819A284EAF3FB87D3651 /* [CP] Check Pods Manifest.lock */,
				7D63D3811EC997BC00FB5B3F /* Sources */,
				7D63D3821EC997BC00FB5B3F /* Frameworks */,
				7D63D3831EC997BC00FB5B3F /* Resources */,
				02222C873C3C26F7A757C78B /* [CP] Embed Pods Frameworks */,
				87D85ABDED5E27D61AEA80F1 /* [CP] Copy Pods Resources */,
			);
			buildRules = (
			);
			dependencies = (
			);
			name = TextingApp;
			productName = TextingApp;
			productReference = 7D63D3851EC997BD00FB5B3F /* TextingApp.app */;
			productType = "com.apple.product-type.application";
		};
		7D63D3981EC997BD00FB5B3F /* TextingAppTests */ = {
			isa = PBXNativeTarget;
			buildConfigurationList = 7D63D3B01EC997BD00FB5B3F /* Build configuration list for PBXNativeTarget "TextingAppTests" */;
			buildPhases = (
				6817C3747CC575C23CF8F2A3 /* [CP] Check Pods Manifest.lock */,
				7D63D3951EC997BD00FB5B3F /* Sources */,
				7D63D3961EC997BD00FB5B3F /* Frameworks */,
				7D63D3971EC997BD00FB5B3F /* Resources */,
				5CB64B2386F69400A18BB07F /* [CP] Embed Pods Frameworks */,
				B10401D9E5760E08BCC0517E /* [CP] Copy Pods Resources */,
			);
			buildRules = (
			);
			dependencies = (
				7D63D39B1EC997BD00FB5B3F /* PBXTargetDependency */,
			);
			name = TextingAppTests;
			productName = TextingAppTests;
			productReference = 7D63D3991EC997BD00FB5B3F /* TextingAppTests.xctest */;
			productType = "com.apple.product-type.bundle.unit-test";
		};
		7D63D3A31EC997BD00FB5B3F /* TextingAppUITests */ = {
			isa = PBXNativeTarget;
			buildConfigurationList = 7D63D3B31EC997BD00FB5B3F /* Build configuration list for PBXNativeTarget "TextingAppUITests" */;
			buildPhases = (
				F4598956296D97143861049A /* [CP] Check Pods Manifest.lock */,
				7D63D3A01EC997BD00FB5B3F /* Sources */,
				7D63D3A11EC997BD00FB5B3F /* Frameworks */,
				7D63D3A21EC997BD00FB5B3F /* Resources */,
				EE87CAEE5B90CBB7EDDBF736 /* [CP] Embed Pods Frameworks */,
				A9D833C9392344D1A1E05D3F /* [CP] Copy Pods Resources */,
			);
			buildRules = (
			);
			dependencies = (
				7D63D3A61EC997BD00FB5B3F /* PBXTargetDependency */,
			);
			name = TextingAppUITests;
			productName = TextingAppUITests;
			productReference = 7D63D3A41EC997BD00FB5B3F /* TextingAppUITests.xctest */;
			productType = "com.apple.product-type.bundle.ui-testing";
		};
/* End PBXNativeTarget section */

/* Begin PBXProject section */
		7D63D37D1EC997BC00FB5B3F /* Project object */ = {
			isa = PBXProject;
			attributes = {
				LastSwiftUpdateCheck = 0820;
				LastUpgradeCheck = 0820;
				ORGANIZATIONNAME = stagiaire;
				TargetAttributes = {
					7D63D3841EC997BC00FB5B3F = {
						CreatedOnToolsVersion = 8.2.1;
						ProvisioningStyle = Automatic;
					};
					7D63D3981EC997BD00FB5B3F = {
						CreatedOnToolsVersion = 8.2.1;
						ProvisioningStyle = Automatic;
						TestTargetID = 7D63D3841EC997BC00FB5B3F;
					};
					7D63D3A31EC997BD00FB5B3F = {
						CreatedOnToolsVersion = 8.2.1;
						ProvisioningStyle = Automatic;
						TestTargetID = 7D63D3841EC997BC00FB5B3F;
					};
				};
			};
			buildConfigurationList = 7D63D3801EC997BC00FB5B3F /* Build configuration list for PBXProject "TextingApp" */;
			compatibilityVersion = "Xcode 3.2";
			developmentRegion = English;
			hasScannedForEncodings = 0;
			knownRegions = (
				en,
				Base,
			);
			mainGroup = 7D63D37C1EC997BC00FB5B3F;
			productRefGroup = 7D63D3861EC997BD00FB5B3F /* Products */;
			projectDirPath = "";
			projectRoot = "";
			targets = (
				7D63D3841EC997BC00FB5B3F /* TextingApp */,
				7D63D3981EC997BD00FB5B3F /* TextingAppTests */,
				7D63D3A31EC997BD00FB5B3F /* TextingAppUITests */,
			);
		};
/* End PBXProject section */

/* Begin PBXResourcesBuildPhase section */
		7D63D3831EC997BC00FB5B3F /* Resources */ = {
			isa = PBXResourcesBuildPhase;
			buildActionMask = 2147483647;
			files = (
				7DA083D91ECD925F00167DE4 /* Main.storyboard in Resources */,
				7D63D3931EC997BD00FB5B3F /* LaunchScreen.storyboard in Resources */,
				7D63D3901EC997BD00FB5B3F /* Assets.xcassets in Resources */,
			);
			runOnlyForDeploymentPostprocessing = 0;
		};
		7D63D3971EC997BD00FB5B3F /* Resources */ = {
			isa = PBXResourcesBuildPhase;
			buildActionMask = 2147483647;
			files = (
			);
			runOnlyForDeploymentPostprocessing = 0;
		};
		7D63D3A21EC997BD00FB5B3F /* Resources */ = {
			isa = PBXResourcesBuildPhase;
			buildActionMask = 2147483647;
			files = (
			);
			runOnlyForDeploymentPostprocessing = 0;
		};
/* End PBXResourcesBuildPhase section */

/* Begin PBXShellScriptBuildPhase section */
		02222C873C3C26F7A757C78B /* [CP] Embed Pods Frameworks */ = {
			isa = PBXShellScriptBuildPhase;
			buildActionMask = 2147483647;
			files = (
			);
			inputPaths = (
			);
			name = "[CP] Embed Pods Frameworks";
			outputPaths = (
			);
			runOnlyForDeploymentPostprocessing = 0;
			shellPath = /bin/sh;
			shellScript = "\"${SRCROOT}/Pods/Target Support Files/Pods-TextingApp/Pods-TextingApp-frameworks.sh\"\n";
			showEnvVarsInLog = 0;
		};
		423A819A284EAF3FB87D3651 /* [CP] Check Pods Manifest.lock */ = {
			isa = PBXShellScriptBuildPhase;
			buildActionMask = 2147483647;
			files = (
			);
			inputPaths = (
			);
			name = "[CP] Check Pods Manifest.lock";
			outputPaths = (
			);
			runOnlyForDeploymentPostprocessing = 0;
			shellPath = /bin/sh;
			shellScript = "diff \"${PODS_ROOT}/../Podfile.lock\" \"${PODS_ROOT}/Manifest.lock\" > /dev/null\nif [ $? != 0 ] ; then\n    # print error to STDERR\n    echo \"error: The sandbox is not in sync with the Podfile.lock. Run 'pod install' or update your CocoaPods installation.\" >&2\n    exit 1\nfi\n";
			showEnvVarsInLog = 0;
		};
		5CB64B2386F69400A18BB07F /* [CP] Embed Pods Frameworks */ = {
			isa = PBXShellScriptBuildPhase;
			buildActionMask = 2147483647;
			files = (
			);
			inputPaths = (
			);
			name = "[CP] Embed Pods Frameworks";
			outputPaths = (
			);
			runOnlyForDeploymentPostprocessing = 0;
			shellPath = /bin/sh;
			shellScript = "\"${SRCROOT}/Pods/Target Support Files/Pods-TextingAppTests/Pods-TextingAppTests-frameworks.sh\"\n";
			showEnvVarsInLog = 0;
		};
		6817C3747CC575C23CF8F2A3 /* [CP] Check Pods Manifest.lock */ = {
			isa = PBXShellScriptBuildPhase;
			buildActionMask = 2147483647;
			files = (
			);
			inputPaths = (
			);
			name = "[CP] Check Pods Manifest.lock";
			outputPaths = (
			);
			runOnlyForDeploymentPostprocessing = 0;
			shellPath = /bin/sh;
			shellScript = "diff \"${PODS_ROOT}/../Podfile.lock\" \"${PODS_ROOT}/Manifest.lock\" > /dev/null\nif [ $? != 0 ] ; then\n    # print error to STDERR\n    echo \"error: The sandbox is not in sync with the Podfile.lock. Run 'pod install' or update your CocoaPods installation.\" >&2\n    exit 1\nfi\n";
			showEnvVarsInLog = 0;
		};
		87D85ABDED5E27D61AEA80F1 /* [CP] Copy Pods Resources */ = {
			isa = PBXShellScriptBuildPhase;
			buildActionMask = 2147483647;
			files = (
			);
			inputPaths = (
			);
			name = "[CP] Copy Pods Resources";
			outputPaths = (
			);
			runOnlyForDeploymentPostprocessing = 0;
			shellPath = /bin/sh;
			shellScript = "\"${SRCROOT}/Pods/Target Support Files/Pods-TextingApp/Pods-TextingApp-resources.sh\"\n";
			showEnvVarsInLog = 0;
		};
		A9D833C9392344D1A1E05D3F /* [CP] Copy Pods Resources */ = {
			isa = PBXShellScriptBuildPhase;
			buildActionMask = 2147483647;
			files = (
			);
			inputPaths = (
			);
			name = "[CP] Copy Pods Resources";
			outputPaths = (
			);
			runOnlyForDeploymentPostprocessing = 0;
			shellPath = /bin/sh;
			shellScript = "\"${SRCROOT}/Pods/Target Support Files/Pods-TextingAppUITests/Pods-TextingAppUITests-resources.sh\"\n";
			showEnvVarsInLog = 0;
		};
		B10401D9E5760E08BCC0517E /* [CP] Copy Pods Resources */ = {
			isa = PBXShellScriptBuildPhase;
			buildActionMask = 2147483647;
			files = (
			);
			inputPaths = (
			);
			name = "[CP] Copy Pods Resources";
			outputPaths = (
			);
			runOnlyForDeploymentPostprocessing = 0;
			shellPath = /bin/sh;
			shellScript = "\"${SRCROOT}/Pods/Target Support Files/Pods-TextingAppTests/Pods-TextingAppTests-resources.sh\"\n";
			showEnvVarsInLog = 0;
		};
		EE87CAEE5B90CBB7EDDBF736 /* [CP] Embed Pods Frameworks */ = {
			isa = PBXShellScriptBuildPhase;
			buildActionMask = 2147483647;
			files = (
			);
			inputPaths = (
			);
			name = "[CP] Embed Pods Frameworks";
			outputPaths = (
			);
			runOnlyForDeploymentPostprocessing = 0;
			shellPath = /bin/sh;
			shellScript = "\"${SRCROOT}/Pods/Target Support Files/Pods-TextingAppUITests/Pods-TextingAppUITests-frameworks.sh\"\n";
			showEnvVarsInLog = 0;
		};
		F4598956296D97143861049A /* [CP] Check Pods Manifest.lock */ = {
			isa = PBXShellScriptBuildPhase;
			buildActionMask = 2147483647;
			files = (
			);
			inputPaths = (
			);
			name = "[CP] Check Pods Manifest.lock";
			outputPaths = (
			);
			runOnlyForDeploymentPostprocessing = 0;
			shellPath = /bin/sh;
			shellScript = "diff \"${PODS_ROOT}/../Podfile.lock\" \"${PODS_ROOT}/Manifest.lock\" > /dev/null\nif [ $? != 0 ] ; then\n    # print error to STDERR\n    echo \"error: The sandbox is not in sync with the Podfile.lock. Run 'pod install' or update your CocoaPods installation.\" >&2\n    exit 1\nfi\n";
			showEnvVarsInLog = 0;
		};
/* End PBXShellScriptBuildPhase section */

/* Begin PBXSourcesBuildPhase section */
		7D63D3811EC997BC00FB5B3F /* Sources */ = {
			isa = PBXSourcesBuildPhase;
			buildActionMask = 2147483647;
			files = (
				7D0078BA1ECCA1750026CF63 /* ParamsViewController.swift in Sources */,
				7DCB98C51ECEF2FD001CC7BB /* ContactsList.swift in Sources */,
				7D0078AE1ECC58E80026CF63 /* RegisterViewController.swift in Sources */,
				7D0078B41ECC5A4C0026CF63 /* SupressionViewController.swift in Sources */,
				7D0078B81ECC9A440026CF63 /* DiscussionViewController.swift in Sources */,
				7DCB98C41ECEF2FD001CC7BB /* Contact.swift in Sources */,
				7DCB98C71ECF36E8001CC7BB /* ContactTableViewCell.swift in Sources */,
				7D63D38B1EC997BD00FB5B3F /* ViewController.swift in Sources */,
				7DCB98C21ECEF2FD001CC7BB /* CommunUrlApi.swift in Sources */,
				7DCB98BC1ECED97B001CC7BB /* ParamViewController.swift in Sources */,
				7D63505F1EC9FB48009D563E /* ContactsTableViewController.swift in Sources */,
				7D63D3891EC997BD00FB5B3F /* AppDelegate.swift in Sources */,
				7D0078B71ECC9A440026CF63 /* ContactViewController.swift in Sources */,
				7DD47CB71ECB0CAA00CC9CE0 /* CompteViewController.swift in Sources */,
				7D0078B21ECC5A4C0026CF63 /* DeconnexionViewController.swift in Sources */,
				7D6350591EC9E157009D563E /* ThreeViewController.swift in Sources */,
				7D0078B31ECC5A4C0026CF63 /* MotdePasseViewController.swift in Sources */,
				7DCB98C31ECEF2FD001CC7BB /* ConfigUser.swift in Sources */,
			);
			runOnlyForDeploymentPostprocessing = 0;
		};
		7D63D3951EC997BD00FB5B3F /* Sources */ = {
			isa = PBXSourcesBuildPhase;
			buildActionMask = 2147483647;
			files = (
				7D63D39E1EC997BD00FB5B3F /* TextingAppTests.swift in Sources */,
			);
			runOnlyForDeploymentPostprocessing = 0;
		};
		7D63D3A01EC997BD00FB5B3F /* Sources */ = {
			isa = PBXSourcesBuildPhase;
			buildActionMask = 2147483647;
			files = (
				7D63D3A91EC997BD00FB5B3F /* TextingAppUITests.swift in Sources */,
			);
			runOnlyForDeploymentPostprocessing = 0;
		};
/* End PBXSourcesBuildPhase section */

/* Begin PBXTargetDependency section */
		7D63D39B1EC997BD00FB5B3F /* PBXTargetDependency */ = {
			isa = PBXTargetDependency;
			target = 7D63D3841EC997BC00FB5B3F /* TextingApp */;
			targetProxy = 7D63D39A1EC997BD00FB5B3F /* PBXContainerItemProxy */;
		};
		7D63D3A61EC997BD00FB5B3F /* PBXTargetDependency */ = {
			isa = PBXTargetDependency;
			target = 7D63D3841EC997BC00FB5B3F /* TextingApp */;
			targetProxy = 7D63D3A51EC997BD00FB5B3F /* PBXContainerItemProxy */;
		};
/* End PBXTargetDependency section */

/* Begin PBXVariantGroup section */
		7D63D3911EC997BD00FB5B3F /* LaunchScreen.storyboard */ = {
			isa = PBXVariantGroup;
			children = (
				7D63D3921EC997BD00FB5B3F /* Base */,
			);
			name = LaunchScreen.storyboard;
			sourceTree = "<group>";
		};
		7DA083D71ECD925F00167DE4 /* Main.storyboard */ = {
			isa = PBXVariantGroup;
			children = (
				7DA083D81ECD925F00167DE4 /* Base */,
			);
			name = Main.storyboard;
			sourceTree = "<group>";
		};
/* End PBXVariantGroup section */

/* Begin XCBuildConfiguration section */
		7D63D3AB1EC997BD00FB5B3F /* Debug */ = {
			isa = XCBuildConfiguration;
			buildSettings = {
				ALWAYS_SEARCH_USER_PATHS = NO;
				CLANG_ANALYZER_NONNULL = YES;
				CLANG_CXX_LANGUAGE_STANDARD = "gnu++0x";
				CLANG_CXX_LIBRARY = "libc++";
				CLANG_ENABLE_MODULES = YES;
				CLANG_ENABLE_OBJC_ARC = YES;
				CLANG_WARN_BOOL_CONVERSION = YES;
				CLANG_WARN_CONSTANT_CONVERSION = YES;
				CLANG_WARN_DIRECT_OBJC_ISA_USAGE = YES_ERROR;
				CLANG_WARN_DOCUMENTATION_COMMENTS = YES;
				CLANG_WARN_EMPTY_BODY = YES;
				CLANG_WARN_ENUM_CONVERSION = YES;
				CLANG_WARN_INFINITE_RECURSION = YES;
				CLANG_WARN_INT_CONVERSION = YES;
				CLANG_WARN_OBJC_ROOT_CLASS = YES_ERROR;
				CLANG_WARN_SUSPICIOUS_MOVE = YES;
				CLANG_WARN_UNREACHABLE_CODE = YES;
				CLANG_WARN__DUPLICATE_METHOD_MATCH = YES;
				"CODE_SIGN_IDENTITY[sdk=iphoneos*]" = "iPhone Developer";
				COPY_PHASE_STRIP = NO;
				DEBUG_INFORMATION_FORMAT = dwarf;
				ENABLE_STRICT_OBJC_MSGSEND = YES;
				ENABLE_TESTABILITY = YES;
				GCC_C_LANGUAGE_STANDARD = gnu99;
				GCC_DYNAMIC_NO_PIC = NO;
				GCC_NO_COMMON_BLOCKS = YES;
				GCC_OPTIMIZATION_LEVEL = 0;
				GCC_PREPROCESSOR_DEFINITIONS = (
					"DEBUG=1",
					"$(inherited)",
				);
				GCC_WARN_64_TO_32_BIT_CONVERSION = YES;
				GCC_WARN_ABOUT_RETURN_TYPE = YES_ERROR;
				GCC_WARN_UNDECLARED_SELECTOR = YES;
				GCC_WARN_UNINITIALIZED_AUTOS = YES_AGGRESSIVE;
				GCC_WARN_UNUSED_FUNCTION = YES;
				GCC_WARN_UNUSED_VARIABLE = YES;
				IPHONEOS_DEPLOYMENT_TARGET = 10.2;
				MTL_ENABLE_DEBUG_INFO = YES;
				ONLY_ACTIVE_ARCH = YES;
				SDKROOT = iphoneos;
				SWIFT_ACTIVE_COMPILATION_CONDITIONS = DEBUG;
				SWIFT_OPTIMIZATION_LEVEL = "-Onone";
				TARGETED_DEVICE_FAMILY = "1,2";
			};
			name = Debug;
		};
		7D63D3AC1EC997BD00FB5B3F /* Release */ = {
			isa = XCBuildConfiguration;
			buildSettings = {
				ALWAYS_SEARCH_USER_PATHS = NO;
				CLANG_ANALYZER_NONNULL = YES;
				CLANG_CXX_LANGUAGE_STANDARD = "gnu++0x";
				CLANG_CXX_LIBRARY = "libc++";
				CLANG_ENABLE_MODULES = YES;
				CLANG_ENABLE_OBJC_ARC = YES;
				CLANG_WARN_BOOL_CONVERSION = YES;
				CLANG_WARN_CONSTANT_CONVERSION = YES;
				CLANG_WARN_DIRECT_OBJC_ISA_USAGE = YES_ERROR;
				CLANG_WARN_DOCUMENTATION_COMMENTS = YES;
				CLANG_WARN_EMPTY_BODY = YES;
				CLANG_WARN_ENUM_CONVERSION = YES;
				CLANG_WARN_INFINITE_RECURSION = YES;
				CLANG_WARN_INT_CONVERSION = YES;
				CLANG_WARN_OBJC_ROOT_CLASS = YES_ERROR;
				CLANG_WARN_SUSPICIOUS_MOVE = YES;
				CLANG_WARN_UNREACHABLE_CODE = YES;
				CLANG_WARN__DUPLICATE_METHOD_MATCH = YES;
				"CODE_SIGN_IDENTITY[sdk=iphoneos*]" = "iPhone Developer";
				COPY_PHASE_STRIP = NO;
				DEBUG_INFORMATION_FORMAT = "dwarf-with-dsym";
				ENABLE_NS_ASSERTIONS = NO;
				ENABLE_STRICT_OBJC_MSGSEND = YES;
				GCC_C_LANGUAGE_STANDARD = gnu99;
				GCC_NO_COMMON_BLOCKS = YES;
				GCC_WARN_64_TO_32_BIT_CONVERSION = YES;
				GCC_WARN_ABOUT_RETURN_TYPE = YES_ERROR;
				GCC_WARN_UNDECLARED_SELECTOR = YES;
				GCC_WARN_UNINITIALIZED_AUTOS = YES_AGGRESSIVE;
				GCC_WARN_UNUSED_FUNCTION = YES;
				GCC_WARN_UNUSED_VARIABLE = YES;
				IPHONEOS_DEPLOYMENT_TARGET = 10.2;
				MTL_ENABLE_DEBUG_INFO = NO;
				SDKROOT = iphoneos;
				SWIFT_OPTIMIZATION_LEVEL = "-Owholemodule";
				TARGETED_DEVICE_FAMILY = "1,2";
				VALIDATE_PRODUCT = YES;
			};
			name = Release;
		};
		7D63D3AE1EC997BD00FB5B3F /* Debug */ = {
			isa = XCBuildConfiguration;
			baseConfigurationReference = 56B552AB631EBAB1401DFA71 /* Pods-TextingApp.debug.xcconfig */;
			buildSettings = {
				ASSETCATALOG_COMPILER_APPICON_NAME = AppIcon;
				INFOPLIST_FILE = TextingApp/Info.plist;
				LD_RUNPATH_SEARCH_PATHS = "$(inherited) @executable_path/Frameworks";
				PRODUCT_BUNDLE_IDENTIFIER = dev8.TextingApp;
				PRODUCT_NAME = "$(TARGET_NAME)";
				SWIFT_VERSION = 3.0;
			};
			name = Debug;
		};
		7D63D3AF1EC997BD00FB5B3F /* Release */ = {
			isa = XCBuildConfiguration;
			baseConfigurationReference = AECBFC58F60B84EAD0D01FCB /* Pods-TextingApp.release.xcconfig */;
			buildSettings = {
				ASSETCATALOG_COMPILER_APPICON_NAME = AppIcon;
				INFOPLIST_FILE = TextingApp/Info.plist;
				LD_RUNPATH_SEARCH_PATHS = "$(inherited) @executable_path/Frameworks";
				PRODUCT_BUNDLE_IDENTIFIER = dev8.TextingApp;
				PRODUCT_NAME = "$(TARGET_NAME)";
				SWIFT_VERSION = 3.0;
			};
			name = Release;
		};
		7D63D3B11EC997BD00FB5B3F /* Debug */ = {
			isa = XCBuildConfiguration;
			baseConfigurationReference = BEF0E37051C6FECD471B74FC /* Pods-TextingAppTests.debug.xcconfig */;
			buildSettings = {
				ALWAYS_EMBED_SWIFT_STANDARD_LIBRARIES = YES;
				BUNDLE_LOADER = "$(TEST_HOST)";
				INFOPLIST_FILE = TextingAppTests/Info.plist;
				LD_RUNPATH_SEARCH_PATHS = "$(inherited) @executable_path/Frameworks @loader_path/Frameworks";
				PRODUCT_BUNDLE_IDENTIFIER = dev8.TextingAppTests;
				PRODUCT_NAME = "$(TARGET_NAME)";
				SWIFT_VERSION = 3.0;
				TEST_HOST = "$(BUILT_PRODUCTS_DIR)/TextingApp.app/TextingApp";
			};
			name = Debug;
		};
		7D63D3B21EC997BD00FB5B3F /* Release */ = {
			isa = XCBuildConfiguration;
			baseConfigurationReference = 1A5BC16CA38CDEA48F6432D8 /* Pods-TextingAppTests.release.xcconfig */;
			buildSettings = {
				ALWAYS_EMBED_SWIFT_STANDARD_LIBRARIES = YES;
				BUNDLE_LOADER = "$(TEST_HOST)";
				INFOPLIST_FILE = TextingAppTests/Info.plist;
				LD_RUNPATH_SEARCH_PATHS = "$(inherited) @executable_path/Frameworks @loader_path/Frameworks";
				PRODUCT_BUNDLE_IDENTIFIER = dev8.TextingAppTests;
				PRODUCT_NAME = "$(TARGET_NAME)";
				SWIFT_VERSION = 3.0;
				TEST_HOST = "$(BUILT_PRODUCTS_DIR)/TextingApp.app/TextingApp";
			};
			name = Release;
		};
		7D63D3B41EC997BD00FB5B3F /* Debug */ = {
			isa = XCBuildConfiguration;
			baseConfigurationReference = ACC82C0C0310C8EB28A94E95 /* Pods-TextingAppUITests.debug.xcconfig */;
			buildSettings = {
				ALWAYS_EMBED_SWIFT_STANDARD_LIBRARIES = YES;
				INFOPLIST_FILE = TextingAppUITests/Info.plist;
				LD_RUNPATH_SEARCH_PATHS = "$(inherited) @executable_path/Frameworks @loader_path/Frameworks";
				PRODUCT_BUNDLE_IDENTIFIER = dev8.TextingAppUITests;
				PRODUCT_NAME = "$(TARGET_NAME)";
				SWIFT_VERSION = 3.0;
				TEST_TARGET_NAME = TextingApp;
			};
			name = Debug;
		};
		7D63D3B51EC997BD00FB5B3F /* Release */ = {
			isa = XCBuildConfiguration;
			baseConfigurationReference = 557A4C5E3CA0164DA5BF2F9D /* Pods-TextingAppUITests.release.xcconfig */;
			buildSettings = {
				ALWAYS_EMBED_SWIFT_STANDARD_LIBRARIES = YES;
				INFOPLIST_FILE = TextingAppUITests/Info.plist;
				LD_RUNPATH_SEARCH_PATHS = "$(inherited) @executable_path/Frameworks @loader_path/Frameworks";
				PRODUCT_BUNDLE_IDENTIFIER = dev8.TextingAppUITests;
				PRODUCT_NAME = "$(TARGET_NAME)";
				SWIFT_VERSION = 3.0;
				TEST_TARGET_NAME = TextingApp;
			};
			name = Release;
		};
/* End XCBuildConfiguration section */

/* Begin XCConfigurationList section */
		7D63D3801EC997BC00FB5B3F /* Build configuration list for PBXProject "TextingApp" */ = {
			isa = XCConfigurationList;
			buildConfigurations = (
				7D63D3AB1EC997BD00FB5B3F /* Debug */,
				7D63D3AC1EC997BD00FB5B3F /* Release */,
			);
			defaultConfigurationIsVisible = 0;
			defaultConfigurationName = Release;
		};
		7D63D3AD1EC997BD00FB5B3F /* Build configuration list for PBXNativeTarget "TextingApp" */ = {
			isa = XCConfigurationList;
			buildConfigurations = (
				7D63D3AE1EC997BD00FB5B3F /* Debug */,
				7D63D3AF1EC997BD00FB5B3F /* Release */,
			);
			defaultConfigurationIsVisible = 0;
			defaultConfigurationName = Release;
		};
		7D63D3B01EC997BD00FB5B3F /* Build configuration list for PBXNativeTarget "TextingAppTests" */ = {
			isa = XCConfigurationList;
			buildConfigurations = (
				7D63D3B11EC997BD00FB5B3F /* Debug */,
				7D63D3B21EC997BD00FB5B3F /* Release */,
			);
			defaultConfigurationIsVisible = 0;
			defaultConfigurationName = Release;
		};
		7D63D3B31EC997BD00FB5B3F /* Build configuration list for PBXNativeTarget "TextingAppUITests" */ = {
			isa = XCConfigurationList;
			buildConfigurations = (
				7D63D3B41EC997BD00FB5B3F /* Debug */,
				7D63D3B51EC997BD00FB5B3F /* Release */,
			);
			defaultConfigurationIsVisible = 0;
			defaultConfigurationName = Release;
		};
/* End XCConfigurationList section */
	};
	rootObject = 7D63D37D1EC997BC00FB5B3F /* Project object */;
}
